
Microsoft Visual Studio Solution File, Format Version 12.00
# Visual Studio 15
VisualStudioVersion = 15.0.28010.2046
MinimumVisualStudioVersion = 10.0.40219.1
Project("{FAE04EC0-301F-11D3-BF4B-00C04F79EFBC}") = "ThunderDuckGroup", "ThunderDuckGroup\ThunderDuckGroup.csproj", "{C1756E93-391A-416A-B5FE-95EE99CE5609}"
EndProject
Global
	GlobalSection(SolutionConfigurationPlatforms) = preSolution
		Debug|Any CPU = Debug|Any CPU
		Release|Any CPU = Release|Any CPU
	EndGlobalSection
	GlobalSection(ProjectConfigurationPlatforms) = postSolution
		{C1756E93-391A-416A-B5FE-95EE99CE5609}.Debug|Any CPU.ActiveCfg = Debug|Any CPU
		{C1756E93-391A-416A-B5FE-95EE99CE5609}.Debug|Any CPU.Build.0 = Debug|Any CPU
		{C1756E93-391A-416A-B5FE-95EE99CE5609}.Release|Any CPU.ActiveCfg = Release|Any CPU
		{C1756E93-391A-416A-B5FE-95EE99CE5609}.Release|Any CPU.Build.0 = Release|Any CPU
	EndGlobalSection
	GlobalSection(SolutionProperties) = preSolution
		HideSolutionNode = FALSE
	EndGlobalSection
	GlobalSection(ExtensibilityGlobals) = postSolution
		SolutionGuid = {5042E1D5-D3FB-4E2A-80BE-BB63FEACE0DF}
	EndGlobalSection
EndGlobal
